
Microsoft Visual Studio Solution File, Format Version 12.00
# Visual Studio Version 16
VisualStudioVersion = 16.0.29728.190
MinimumVisualStudioVersion = 10.0.40219.1
Project("{FAE04EC0-301F-11D3-BF4B-00C04F79EFBC}") = "prLocalizaOrdenesFraudolentasV2", "prLocalizaOrdenesFraudolentasV2\prLocalizaOrdenesFraudolentasV2.csproj", "{08EDD346-024F-4DAC-A83F-B4818F03AF46}"
EndProject
Global
	GlobalSection(SolutionConfigurationPlatforms) = preSolution
		Debug|Any CPU = Debug|Any CPU
		Release|Any CPU = Release|Any CPU
	EndGlobalSection
	GlobalSection(ProjectConfigurationPlatforms) = postSolution
		{08EDD346-024F-4DAC-A83F-B4818F03AF46}.Debug|Any CPU.ActiveCfg = Debug|Any CPU
		{08EDD346-024F-4DAC-A83F-B4818F03AF46}.Debug|Any CPU.Build.0 = Debug|Any CPU
		{08EDD346-024F-4DAC-A83F-B4818F03AF46}.Release|Any CPU.ActiveCfg = Release|Any CPU
		{08EDD346-024F-4DAC-A83F-B4818F03AF46}.Release|Any CPU.Build.0 = Release|Any CPU
	EndGlobalSection
	GlobalSection(SolutionProperties) = preSolution
		HideSolutionNode = FALSE
	EndGlobalSection
	GlobalSection(ExtensibilityGlobals) = postSolution
		SolutionGuid = {703085FA-A7BF-4FD5-B5B3-504899E09A90}
	EndGlobalSection
EndGlobal
